%{
  "elixir_make": {:hex, :elixir_make, "0.4.1", "6628b86053190a80b9072382bb9756a6c78624f208ec0ff22cb94c8977d80060", [:mix], [], "hexpm"},
  "nerves_uart": {:hex, :nerves_uart, "1.1.1", "2ba6282b45513268249e78880cd84bc37c5758ee7db9c6d92f442be21fcacc35", [:mix], [{:elixir_make, "~> 0.4", [hex: :elixir_make, repo: "hexpm", optional: false]}], "hexpm"},
}
